
Microsoft Visual Studio Solution File, Format Version 12.00
# Visual Studio Version 17
VisualStudioVersion = 17.10.35027.167
MinimumVisualStudioVersion = 10.0.40219.1
Project("{FAE04EC0-301F-11D3-BF4B-00C04F79EFBC}") = "MvcApiPagination", "MvcApiPagination\MvcApiPagination.csproj", "{E7CA657F-AAD5-4C5A-8E2C-1D65316ED74E}"
EndProject
Global
	GlobalSection(SolutionConfigurationPlatforms) = preSolution
		Debug|Any CPU = Debug|Any CPU
		Release|Any CPU = Release|Any CPU
	EndGlobalSection
	GlobalSection(ProjectConfigurationPlatforms) = postSolution
		{E7CA657F-AAD5-4C5A-8E2C-1D65316ED74E}.Debug|Any CPU.ActiveCfg = Debug|Any CPU
		{E7CA657F-AAD5-4C5A-8E2C-1D65316ED74E}.Debug|Any CPU.Build.0 = Debug|Any CPU
		{E7CA657F-AAD5-4C5A-8E2C-1D65316ED74E}.Release|Any CPU.ActiveCfg = Release|Any CPU
		{E7CA657F-AAD5-4C5A-8E2C-1D65316ED74E}.Release|Any CPU.Build.0 = Release|Any CPU
	EndGlobalSection
	GlobalSection(SolutionProperties) = preSolution
		HideSolutionNode = FALSE
	EndGlobalSection
	GlobalSection(ExtensibilityGlobals) = postSolution
		SolutionGuid = {70740BAE-3CD2-4BAC-BA7E-4FA0DAE5F918}
	EndGlobalSection
EndGlobal
